
Microsoft Visual Studio Solution File, Format Version 12.00
# Visual Studio Version 16
VisualStudioVersion = 16.0.29319.158
MinimumVisualStudioVersion = 10.0.40219.1
Project("{9A19103F-16F7-4668-BE54-9A1E7A4F7556}") = "IdnSql", "IdnSql\IdnSql.csproj", "{F142D3ED-2545-41A9-8257-CEC027AD2E1B}"
EndProject
Project("{FAE04EC0-301F-11D3-BF4B-00C04F79EFBC}") = "IdnSql.Tests", "IdnSql.Tests\IdnSql.Tests.csproj", "{60B8FC83-2752-4180-9D14-BFE6DBE55EA2}"
EndProject
Project("{FAE04EC0-301F-11D3-BF4B-00C04F79EFBC}") = "IdnSql.SqlKata", "IdnSql.SqlKata\IdnSql.SqlKata.csproj", "{09B36BA2-73B2-482B-9AD1-9009473D19D5}"
EndProject
Project("{FAE04EC0-301F-11D3-BF4B-00C04F79EFBC}") = "IdnSql.NPoco", "IdnSql.NPoco\IdnSql.NPoco.csproj", "{4A03F27E-67E7-46B1-A298-E9CF250F144C}"
EndProject
Project("{FAE04EC0-301F-11D3-BF4B-00C04F79EFBC}") = "IdnSql.NPoco.Tests", "IdnSql.NPoco.Tests\IdnSql.NPoco.Tests.csproj", "{996390F6-5F74-404C-A838-1BD9823DBC31}"
EndProject
Global
	GlobalSection(SolutionConfigurationPlatforms) = preSolution
		Debug|Any CPU = Debug|Any CPU
		Release|Any CPU = Release|Any CPU
	EndGlobalSection
	GlobalSection(ProjectConfigurationPlatforms) = postSolution
		{F142D3ED-2545-41A9-8257-CEC027AD2E1B}.Debug|Any CPU.ActiveCfg = Debug|Any CPU
		{F142D3ED-2545-41A9-8257-CEC027AD2E1B}.Debug|Any CPU.Build.0 = Debug|Any CPU
		{F142D3ED-2545-41A9-8257-CEC027AD2E1B}.Release|Any CPU.ActiveCfg = Release|Any CPU
		{F142D3ED-2545-41A9-8257-CEC027AD2E1B}.Release|Any CPU.Build.0 = Release|Any CPU
		{60B8FC83-2752-4180-9D14-BFE6DBE55EA2}.Debug|Any CPU.ActiveCfg = Debug|Any CPU
		{60B8FC83-2752-4180-9D14-BFE6DBE55EA2}.Debug|Any CPU.Build.0 = Debug|Any CPU
		{60B8FC83-2752-4180-9D14-BFE6DBE55EA2}.Release|Any CPU.ActiveCfg = Release|Any CPU
		{60B8FC83-2752-4180-9D14-BFE6DBE55EA2}.Release|Any CPU.Build.0 = Release|Any CPU
		{09B36BA2-73B2-482B-9AD1-9009473D19D5}.Debug|Any CPU.ActiveCfg = Debug|Any CPU
		{09B36BA2-73B2-482B-9AD1-9009473D19D5}.Debug|Any CPU.Build.0 = Debug|Any CPU
		{09B36BA2-73B2-482B-9AD1-9009473D19D5}.Release|Any CPU.ActiveCfg = Release|Any CPU
		{09B36BA2-73B2-482B-9AD1-9009473D19D5}.Release|Any CPU.Build.0 = Release|Any CPU
		{4A03F27E-67E7-46B1-A298-E9CF250F144C}.Debug|Any CPU.ActiveCfg = Debug|Any CPU
		{4A03F27E-67E7-46B1-A298-E9CF250F144C}.Debug|Any CPU.Build.0 = Debug|Any CPU
		{4A03F27E-67E7-46B1-A298-E9CF250F144C}.Release|Any CPU.ActiveCfg = Release|Any CPU
		{4A03F27E-67E7-46B1-A298-E9CF250F144C}.Release|Any CPU.Build.0 = Release|Any CPU
		{996390F6-5F74-404C-A838-1BD9823DBC31}.Debug|Any CPU.ActiveCfg = Debug|Any CPU
		{996390F6-5F74-404C-A838-1BD9823DBC31}.Debug|Any CPU.Build.0 = Debug|Any CPU
		{996390F6-5F74-404C-A838-1BD9823DBC31}.Release|Any CPU.ActiveCfg = Release|Any CPU
		{996390F6-5F74-404C-A838-1BD9823DBC31}.Release|Any CPU.Build.0 = Release|Any CPU
	EndGlobalSection
	GlobalSection(SolutionProperties) = preSolution
		HideSolutionNode = FALSE
	EndGlobalSection
	GlobalSection(ExtensibilityGlobals) = postSolution
		SolutionGuid = {E48CA0C8-78B8-4C89-92B1-74D37BF276B7}
	EndGlobalSection
EndGlobal
